
Microsoft Visual Studio Solution File, Format Version 12.00
# Visual Studio Version 16
VisualStudioVersion = 16.0.29911.84
MinimumVisualStudioVersion = 10.0.40219.1
Project("{FAE04EC0-301F-11D3-BF4B-00C04F79EFBC}") = "FirstComeFirstServedChecker", "FirstComeFirstServedChecker\FirstComeFirstServedChecker.csproj", "{3B203463-FB3B-48FE-ABE2-9B2233DBBFA5}"
EndProject
Global
	GlobalSection(SolutionConfigurationPlatforms) = preSolution
		Debug|Any CPU = Debug|Any CPU
		Release|Any CPU = Release|Any CPU
	EndGlobalSection
	GlobalSection(ProjectConfigurationPlatforms) = postSolution
		{3B203463-FB3B-48FE-ABE2-9B2233DBBFA5}.Debug|Any CPU.ActiveCfg = Debug|Any CPU
		{3B203463-FB3B-48FE-ABE2-9B2233DBBFA5}.Debug|Any CPU.Build.0 = Debug|Any CPU
		{3B203463-FB3B-48FE-ABE2-9B2233DBBFA5}.Release|Any CPU.ActiveCfg = Release|Any CPU
		{3B203463-FB3B-48FE-ABE2-9B2233DBBFA5}.Release|Any CPU.Build.0 = Release|Any CPU
	EndGlobalSection
	GlobalSection(SolutionProperties) = preSolution
		HideSolutionNode = FALSE
	EndGlobalSection
	GlobalSection(ExtensibilityGlobals) = postSolution
		SolutionGuid = {BBCE3869-AB09-428C-951B-92FB0DA1C9BA}
	EndGlobalSection
EndGlobal
