
Microsoft Visual Studio Solution File, Format Version 12.00
# Visual Studio Version 16
VisualStudioVersion = 16.0.29911.84
MinimumVisualStudioVersion = 10.0.40219.1
Project("{FAE04EC0-301F-11D3-BF4B-00C04F79EFBC}") = "TowersOfHanoi", "TowersOfHanoi\TowersOfHanoi.csproj", "{38E7EA65-B611-433A-8E77-6950825357F1}"
EndProject
Global
	GlobalSection(SolutionConfigurationPlatforms) = preSolution
		Debug|Any CPU = Debug|Any CPU
		Release|Any CPU = Release|Any CPU
	EndGlobalSection
	GlobalSection(ProjectConfigurationPlatforms) = postSolution
		{38E7EA65-B611-433A-8E77-6950825357F1}.Debug|Any CPU.ActiveCfg = Debug|Any CPU
		{38E7EA65-B611-433A-8E77-6950825357F1}.Debug|Any CPU.Build.0 = Debug|Any CPU
		{38E7EA65-B611-433A-8E77-6950825357F1}.Release|Any CPU.ActiveCfg = Release|Any CPU
		{38E7EA65-B611-433A-8E77-6950825357F1}.Release|Any CPU.Build.0 = Release|Any CPU
	EndGlobalSection
	GlobalSection(SolutionProperties) = preSolution
		HideSolutionNode = FALSE
	EndGlobalSection
	GlobalSection(ExtensibilityGlobals) = postSolution
		SolutionGuid = {064FB2BD-A134-4FD1-B88E-BB87FA6A23F9}
	EndGlobalSection
EndGlobal
