
Microsoft Visual Studio Solution File, Format Version 12.00
# Visual Studio Version 16
VisualStudioVersion = 16.0.29728.190
MinimumVisualStudioVersion = 10.0.40219.1
Project("{FAE04EC0-301F-11D3-BF4B-00C04F79EFBC}") = "ArrayIsRotation", "ArrayIsRotation\ArrayIsRotation.csproj", "{DAFD4740-F8F0-414E-BCBF-F1BF5CE149FD}"
EndProject
Global
	GlobalSection(SolutionConfigurationPlatforms) = preSolution
		Debug|Any CPU = Debug|Any CPU
		Release|Any CPU = Release|Any CPU
	EndGlobalSection
	GlobalSection(ProjectConfigurationPlatforms) = postSolution
		{DAFD4740-F8F0-414E-BCBF-F1BF5CE149FD}.Debug|Any CPU.ActiveCfg = Debug|Any CPU
		{DAFD4740-F8F0-414E-BCBF-F1BF5CE149FD}.Debug|Any CPU.Build.0 = Debug|Any CPU
		{DAFD4740-F8F0-414E-BCBF-F1BF5CE149FD}.Release|Any CPU.ActiveCfg = Release|Any CPU
		{DAFD4740-F8F0-414E-BCBF-F1BF5CE149FD}.Release|Any CPU.Build.0 = Release|Any CPU
	EndGlobalSection
	GlobalSection(SolutionProperties) = preSolution
		HideSolutionNode = FALSE
	EndGlobalSection
	GlobalSection(ExtensibilityGlobals) = postSolution
		SolutionGuid = {4509EEF2-FFFC-4AEF-B2F1-AAF160A81D73}
	EndGlobalSection
EndGlobal
