
Microsoft Visual Studio Solution File, Format Version 12.00
# Visual Studio Version 16
VisualStudioVersion = 16.0.29911.84
MinimumVisualStudioVersion = 10.0.40219.1
Project("{FAE04EC0-301F-11D3-BF4B-00C04F79EFBC}") = "CaesarCyphers", "CaesarCyphers\CaesarCyphers.csproj", "{38148102-9BB7-4CD8-A932-525521AFCDF1}"
EndProject
Global
	GlobalSection(SolutionConfigurationPlatforms) = preSolution
		Debug|Any CPU = Debug|Any CPU
		Release|Any CPU = Release|Any CPU
	EndGlobalSection
	GlobalSection(ProjectConfigurationPlatforms) = postSolution
		{38148102-9BB7-4CD8-A932-525521AFCDF1}.Debug|Any CPU.ActiveCfg = Debug|Any CPU
		{38148102-9BB7-4CD8-A932-525521AFCDF1}.Debug|Any CPU.Build.0 = Debug|Any CPU
		{38148102-9BB7-4CD8-A932-525521AFCDF1}.Release|Any CPU.ActiveCfg = Release|Any CPU
		{38148102-9BB7-4CD8-A932-525521AFCDF1}.Release|Any CPU.Build.0 = Release|Any CPU
	EndGlobalSection
	GlobalSection(SolutionProperties) = preSolution
		HideSolutionNode = FALSE
	EndGlobalSection
	GlobalSection(ExtensibilityGlobals) = postSolution
		SolutionGuid = {A488939D-E576-492A-A5A8-768B0921C8EF}
	EndGlobalSection
EndGlobal
