
Microsoft Visual Studio Solution File, Format Version 12.00
# Visual Studio Version 16
VisualStudioVersion = 16.0.29911.84
MinimumVisualStudioVersion = 10.0.40219.1
Project("{FAE04EC0-301F-11D3-BF4B-00C04F79EFBC}") = "ReverseStrings", "ReverseStrings\ReverseStrings.csproj", "{5361EF17-C4E8-4395-9E84-EBAA07DAC492}"
EndProject
Global
	GlobalSection(SolutionConfigurationPlatforms) = preSolution
		Debug|Any CPU = Debug|Any CPU
		Release|Any CPU = Release|Any CPU
	EndGlobalSection
	GlobalSection(ProjectConfigurationPlatforms) = postSolution
		{5361EF17-C4E8-4395-9E84-EBAA07DAC492}.Debug|Any CPU.ActiveCfg = Debug|Any CPU
		{5361EF17-C4E8-4395-9E84-EBAA07DAC492}.Debug|Any CPU.Build.0 = Debug|Any CPU
		{5361EF17-C4E8-4395-9E84-EBAA07DAC492}.Release|Any CPU.ActiveCfg = Release|Any CPU
		{5361EF17-C4E8-4395-9E84-EBAA07DAC492}.Release|Any CPU.Build.0 = Release|Any CPU
	EndGlobalSection
	GlobalSection(SolutionProperties) = preSolution
		HideSolutionNode = FALSE
	EndGlobalSection
	GlobalSection(ExtensibilityGlobals) = postSolution
		SolutionGuid = {185F5D4E-75E2-4B17-9605-B2348C0EB1BF}
	EndGlobalSection
EndGlobal
