
Microsoft Visual Studio Solution File, Format Version 12.00
# Visual Studio Version 16
VisualStudioVersion = 16.0.29728.190
MinimumVisualStudioVersion = 10.0.40219.1
Project("{FAE04EC0-301F-11D3-BF4B-00C04F79EFBC}") = "OneChangeAwayStrings", "OneChangeAwayStrings\OneChangeAwayStrings.csproj", "{79F149C4-6F26-4781-8842-310A249BB1AA}"
EndProject
Global
	GlobalSection(SolutionConfigurationPlatforms) = preSolution
		Debug|Any CPU = Debug|Any CPU
		Release|Any CPU = Release|Any CPU
	EndGlobalSection
	GlobalSection(ProjectConfigurationPlatforms) = postSolution
		{79F149C4-6F26-4781-8842-310A249BB1AA}.Debug|Any CPU.ActiveCfg = Debug|Any CPU
		{79F149C4-6F26-4781-8842-310A249BB1AA}.Debug|Any CPU.Build.0 = Debug|Any CPU
		{79F149C4-6F26-4781-8842-310A249BB1AA}.Release|Any CPU.ActiveCfg = Release|Any CPU
		{79F149C4-6F26-4781-8842-310A249BB1AA}.Release|Any CPU.Build.0 = Release|Any CPU
	EndGlobalSection
	GlobalSection(SolutionProperties) = preSolution
		HideSolutionNode = FALSE
	EndGlobalSection
	GlobalSection(ExtensibilityGlobals) = postSolution
		SolutionGuid = {D30AB503-8B69-4F27-864C-4EC887B1D501}
	EndGlobalSection
EndGlobal
