
Microsoft Visual Studio Solution File, Format Version 12.00
# Visual Studio Version 16
VisualStudioVersion = 16.0.29728.190
MinimumVisualStudioVersion = 10.0.40219.1
Project("{FAE04EC0-301F-11D3-BF4B-00C04F79EFBC}") = "NonRepeatingCharacter", "NonRepeatingCharacter\NonRepeatingCharacter.csproj", "{CE39093D-18D3-4627-967D-1B2ADD73051C}"
EndProject
Global
	GlobalSection(SolutionConfigurationPlatforms) = preSolution
		Debug|Any CPU = Debug|Any CPU
		Release|Any CPU = Release|Any CPU
	EndGlobalSection
	GlobalSection(ProjectConfigurationPlatforms) = postSolution
		{CE39093D-18D3-4627-967D-1B2ADD73051C}.Debug|Any CPU.ActiveCfg = Debug|Any CPU
		{CE39093D-18D3-4627-967D-1B2ADD73051C}.Debug|Any CPU.Build.0 = Debug|Any CPU
		{CE39093D-18D3-4627-967D-1B2ADD73051C}.Release|Any CPU.ActiveCfg = Release|Any CPU
		{CE39093D-18D3-4627-967D-1B2ADD73051C}.Release|Any CPU.Build.0 = Release|Any CPU
	EndGlobalSection
	GlobalSection(SolutionProperties) = preSolution
		HideSolutionNode = FALSE
	EndGlobalSection
	GlobalSection(ExtensibilityGlobals) = postSolution
		SolutionGuid = {7AD06856-66A5-4A97-B044-8B40F376CD76}
	EndGlobalSection
EndGlobal
